
Microsoft Visual Studio Solution File, Format Version 12.00
# Visual Studio Version 17
VisualStudioVersion = 17.11.35222.181
MinimumVisualStudioVersion = 10.0.40219.1
Project("{FAE04EC0-301F-11D3-BF4B-00C04F79EFBC}") = "ClassLibrary1_dll", "ClassLibrary1_dll\ClassLibrary1_dll.csproj", "{0E154C4F-570B-4E91-B112-63E957BF8BA6}"
EndProject
Project("{FAE04EC0-301F-11D3-BF4B-00C04F79EFBC}") = "CallSimplaeDLL", "CallSimplaeDLL\CallSimplaeDLL.csproj", "{A4309427-A707-4E60-B62F-1B016C90B2D5}"
EndProject
Project("{FAE04EC0-301F-11D3-BF4B-00C04F79EFBC}") = "DemoWebcam", "DemoWebcam\DemoWebcam.csproj", "{C2304B5D-73BA-461D-A40A-4EFA656E12A4}"
EndProject
Project("{FAE04EC0-301F-11D3-BF4B-00C04F79EFBC}") = "DemoBarCodeQRCode", "DemoBarCodeQRCode\DemoBarCodeQRCode.csproj", "{2628E623-FD1A-4989-82C8-07A6E46F2200}"
EndProject
Project("{FAE04EC0-301F-11D3-BF4B-00C04F79EFBC}") = "LabCLL_RandomNumber", "LabCLL_RandomNumber\LabCLL_RandomNumber.csproj", "{E3892F49-85B4-4B8B-BBEC-954804B12F72}"
EndProject
Global
	GlobalSection(SolutionConfigurationPlatforms) = preSolution
		Debug|Any CPU = Debug|Any CPU
		Release|Any CPU = Release|Any CPU
	EndGlobalSection
	GlobalSection(ProjectConfigurationPlatforms) = postSolution
		{0E154C4F-570B-4E91-B112-63E957BF8BA6}.Debug|Any CPU.ActiveCfg = Debug|Any CPU
		{0E154C4F-570B-4E91-B112-63E957BF8BA6}.Debug|Any CPU.Build.0 = Debug|Any CPU
		{0E154C4F-570B-4E91-B112-63E957BF8BA6}.Release|Any CPU.ActiveCfg = Release|Any CPU
		{0E154C4F-570B-4E91-B112-63E957BF8BA6}.Release|Any CPU.Build.0 = Release|Any CPU
		{A4309427-A707-4E60-B62F-1B016C90B2D5}.Debug|Any CPU.ActiveCfg = Debug|Any CPU
		{A4309427-A707-4E60-B62F-1B016C90B2D5}.Debug|Any CPU.Build.0 = Debug|Any CPU
		{A4309427-A707-4E60-B62F-1B016C90B2D5}.Release|Any CPU.ActiveCfg = Release|Any CPU
		{A4309427-A707-4E60-B62F-1B016C90B2D5}.Release|Any CPU.Build.0 = Release|Any CPU
		{C2304B5D-73BA-461D-A40A-4EFA656E12A4}.Debug|Any CPU.ActiveCfg = Debug|Any CPU
		{C2304B5D-73BA-461D-A40A-4EFA656E12A4}.Debug|Any CPU.Build.0 = Debug|Any CPU
		{C2304B5D-73BA-461D-A40A-4EFA656E12A4}.Release|Any CPU.ActiveCfg = Release|Any CPU
		{C2304B5D-73BA-461D-A40A-4EFA656E12A4}.Release|Any CPU.Build.0 = Release|Any CPU
		{2628E623-FD1A-4989-82C8-07A6E46F2200}.Debug|Any CPU.ActiveCfg = Debug|Any CPU
		{2628E623-FD1A-4989-82C8-07A6E46F2200}.Debug|Any CPU.Build.0 = Debug|Any CPU
		{2628E623-FD1A-4989-82C8-07A6E46F2200}.Release|Any CPU.ActiveCfg = Release|Any CPU
		{2628E623-FD1A-4989-82C8-07A6E46F2200}.Release|Any CPU.Build.0 = Release|Any CPU
		{E3892F49-85B4-4B8B-BBEC-954804B12F72}.Debug|Any CPU.ActiveCfg = Debug|Any CPU
		{E3892F49-85B4-4B8B-BBEC-954804B12F72}.Debug|Any CPU.Build.0 = Debug|Any CPU
		{E3892F49-85B4-4B8B-BBEC-954804B12F72}.Release|Any CPU.ActiveCfg = Release|Any CPU
		{E3892F49-85B4-4B8B-BBEC-954804B12F72}.Release|Any CPU.Build.0 = Release|Any CPU
	EndGlobalSection
	GlobalSection(SolutionProperties) = preSolution
		HideSolutionNode = FALSE
	EndGlobalSection
	GlobalSection(ExtensibilityGlobals) = postSolution
		SolutionGuid = {F9EC477C-8B0D-4ED4-9BBD-49958AE6E6BD}
	EndGlobalSection
EndGlobal
